
Microsoft Visual Studio Solution File, Format Version 12.00
# Visual Studio 15
VisualStudioVersion = 15.0.28307.1321
MinimumVisualStudioVersion = 10.0.40219.1
Project("{FAE04EC0-301F-11D3-BF4B-00C04F79EFBC}") = "EmployeeAnnualSalary.Api", "EmployeeAnnualSalary.Api\EmployeeAnnualSalary.Api.csproj", "{50FE76D6-6B6F-4C05-8388-3F9FD317F739}"
EndProject
Global
	GlobalSection(SolutionConfigurationPlatforms) = preSolution
		Debug|Any CPU = Debug|Any CPU
		Release|Any CPU = Release|Any CPU
	EndGlobalSection
	GlobalSection(ProjectConfigurationPlatforms) = postSolution
		{50FE76D6-6B6F-4C05-8388-3F9FD317F739}.Debug|Any CPU.ActiveCfg = Debug|Any CPU
		{50FE76D6-6B6F-4C05-8388-3F9FD317F739}.Debug|Any CPU.Build.0 = Debug|Any CPU
		{50FE76D6-6B6F-4C05-8388-3F9FD317F739}.Release|Any CPU.ActiveCfg = Release|Any CPU
		{50FE76D6-6B6F-4C05-8388-3F9FD317F739}.Release|Any CPU.Build.0 = Release|Any CPU
	EndGlobalSection
	GlobalSection(SolutionProperties) = preSolution
		HideSolutionNode = FALSE
	EndGlobalSection
	GlobalSection(ExtensibilityGlobals) = postSolution
		SolutionGuid = {51844FAC-4691-4115-A718-F961BF9C5014}
	EndGlobalSection
EndGlobal
